Microsoft Visual Studio Solution File, Format Version 12.00
# Visual Studio Version 17
VisualStudioVersion = 17.5.2.0
MinimumVisualStudioVersion = 10.0.40219.1
Project("{FAE04EC0-301F-11D3-BF4B-00C04F79EFBC}") = "PowerSaver", "PowerSaver.csproj", "{B95E8DEC-65D0-C59B-B0C4-DC7247F38A97}"
EndProject
Global
	GlobalSection(SolutionConfigurationPlatforms) = preSolution
		Debug|Any CPU = Debug|Any CPU
		Release|Any CPU = Release|Any CPU
	EndGlobalSection
	GlobalSection(ProjectConfigurationPlatforms) = postSolution
		{B95E8DEC-65D0-C59B-B0C4-DC7247F38A97}.Debug|Any CPU.ActiveCfg = Debug|Any CPU
		{B95E8DEC-65D0-C59B-B0C4-DC7247F38A97}.Debug|Any CPU.Build.0 = Debug|Any CPU
		{B95E8DEC-65D0-C59B-B0C4-DC7247F38A97}.Release|Any CPU.ActiveCfg = Release|Any CPU
		{B95E8DEC-65D0-C59B-B0C4-DC7247F38A97}.Release|Any CPU.Build.0 = Release|Any CPU
	EndGlobalSection
	GlobalSection(SolutionProperties) = preSolution
		HideSolutionNode = FALSE
	EndGlobalSection
	GlobalSection(ExtensibilityGlobals) = postSolution
		SolutionGuid = {6D458A22-4622-4CD5-97BD-A19730544BC0}
	EndGlobalSection
EndGlobal
